<Solution>
  <Folder Name="/docs/" />
  <Folder Name="/src/">
    <Project Path="src/PersonalOS.Api/PersonalOS.Api.csproj" />
    <Project Path="src/PersonalOS.Application/PersonalOS.Application.csproj" />
    <Project Path="src/PersonalOS.Domain/PersonalOS.Domain.csproj" />
    <Project Path="src/PersonalOS.Infrastructure/PersonalOS.Infrastructure.csproj" />
  </Folder>
  <Folder Name="/tests/">
    <Project Path="tests/PersonalOS.IntegrationTests/PersonalOS.IntegrationTests.csproj" />
    <Project Path="tests/PersonalOS.UnitTests/PersonalOS.UnitTests.csproj" />
  </Folder>
  <Folder Name="/web/">
    <Project Path="web/PersonalOS.Web/PersonalOS.Web.esproj">
      <Build />
      <Deploy />
    </Project>
  </Folder>
</Solution>
